
Microsoft Visual Studio Solution File, Format Version 12.00
# Visual Studio Version 16
VisualStudioVersion = 16.0.31025.194
MinimumVisualStudioVersion = 10.0.40219.1
Project("{FAE04EC0-301F-11D3-BF4B-00C04F79EFBC}") = "lab7", "lab7\lab7.csproj", "{003A5F86-29E2-4CE5-9AF1-E98C7F651DFE}"
EndProject
Global
	GlobalSection(SolutionConfigurationPlatforms) = preSolution
		Debug|Any CPU = Debug|Any CPU
		Release|Any CPU = Release|Any CPU
	EndGlobalSection
	GlobalSection(ProjectConfigurationPlatforms) = postSolution
		{003A5F86-29E2-4CE5-9AF1-E98C7F651DFE}.Debug|Any CPU.ActiveCfg = Debug|Any CPU
		{003A5F86-29E2-4CE5-9AF1-E98C7F651DFE}.Debug|Any CPU.Build.0 = Debug|Any CPU
		{003A5F86-29E2-4CE5-9AF1-E98C7F651DFE}.Release|Any CPU.ActiveCfg = Release|Any CPU
		{003A5F86-29E2-4CE5-9AF1-E98C7F651DFE}.Release|Any CPU.Build.0 = Release|Any CPU
	EndGlobalSection
	GlobalSection(SolutionProperties) = preSolution
		HideSolutionNode = FALSE
	EndGlobalSection
	GlobalSection(ExtensibilityGlobals) = postSolution
		SolutionGuid = {ECDC5DDA-9C99-4597-B81F-0C13E3CEA269}
	EndGlobalSection
EndGlobal
